<?xml version="1.0" encoding="utf-8"?>
<Project ToolsVersion="4.0" xmlns="http://schemas.microsoft.com/developer/msbuild/2003">
  <ItemGroup>
    <Filter Include="thread">
      <UniqueIdentifier>{72667719-d3ca-4770-a9e8-5deeb76b836a}</UniqueIdentifier>
    </Filter>
    <Filter Include="common">
      <UniqueIdentifier>{ec06c155-9da9-4204-9153-cacc6fce29f8}</UniqueIdentifier>
    </Filter>
    <Filter Include="include">
      <UniqueIdentifier>{3f3011fa-f10e-431c-958f-083d82c3e184}</UniqueIdentifier>
    </Filter>
  </ItemGroup>
  <ItemGroup>
    <ClCompile Include="thread\thread.cpp">
      <Filter>thread</Filter>
    </ClCompile>
    <ClCompile Include="thread\thread_impl.cpp">
      <Filter>thread</Filter>
    </ClCompile>
    <ClCompile Include="thread\thread_manager.cpp">
      <Filter>thread</Filter>
    </ClCompile>
    <ClCompile Include="common\managers_container.cpp">
      <Filter>common</Filter>
    </ClCompile>
    <ClCompile Include="common\semafor.cpp">
      <Filter>common</Filter>
    </ClCompile>
  </ItemGroup>
  <ItemGroup>
    <ClInclude Include="thread\thread.h">
      <Filter>thread</Filter>
    </ClInclude>
    <ClInclude Include="thread\thread_impl.h">
      <Filter>thread</Filter>
    </ClInclude>
    <ClInclude Include="thread\thread_manager.h">
      <Filter>thread</Filter>
    </ClInclude>
    <ClInclude Include="common\managers_container.h">
      <Filter>common</Filter>
    </ClInclude>
    <ClInclude Include="common\semafor.h">
      <Filter>common</Filter>
    </ClInclude>
    <ClInclude Include="..\..\include\critical_section.h">
      <Filter>include</Filter>
    </ClInclude>
    <ClInclude Include="..\..\include\object_manager.h">
      <Filter>include</Filter>
    </ClInclude>
    <ClInclude Include="..\..\include\ref.h">
      <Filter>include</Filter>
    </ClInclude>
    <ClInclude Include="..\..\include\singleton.h">
      <Filter>include</Filter>
    </ClInclude>
  </ItemGroup>
</Project>