<?xml version="1.0" encoding="utf-8"?>
<Project ToolsVersion="4.0" xmlns="http://schemas.microsoft.com/developer/msbuild/2003">
  <ItemGroup>
    <Filter Include="application">
      <UniqueIdentifier>{a27d2864-f59c-490a-ad8c-c22cd600dd8d}</UniqueIdentifier>
    </Filter>
    <Filter Include="module">
      <UniqueIdentifier>{40c9ca57-7cb9-4325-bca9-16f660cd67f2}</UniqueIdentifier>
    </Filter>
    <Filter Include="message">
      <UniqueIdentifier>{707e8ba7-92eb-475c-b6fa-ee45b8b0440a}</UniqueIdentifier>
    </Filter>
    <Filter Include="common">
      <UniqueIdentifier>{ca1bf454-d269-4700-881c-71ffa1fd9703}</UniqueIdentifier>
    </Filter>
    <Filter Include="utils">
      <UniqueIdentifier>{06de9077-ca08-4708-8057-f3868a380a26}</UniqueIdentifier>
    </Filter>
    <Filter Include="include">
      <UniqueIdentifier>{0047e0fa-799e-4c4f-8448-99d5f348a8c7}</UniqueIdentifier>
    </Filter>
  </ItemGroup>
  <ItemGroup>
    <ClCompile Include="application\dllmain.cpp">
      <Filter>application</Filter>
    </ClCompile>
    <ClCompile Include="application\application.cpp">
      <Filter>application</Filter>
    </ClCompile>
    <ClCompile Include="module\twainet_module.cpp">
      <Filter>module</Filter>
    </ClCompile>
    <ClCompile Include="message\NotificationMessages.cpp">
      <Filter>message</Filter>
    </ClCompile>
    <ClCompile Include="application\twainet.cpp">
      <Filter>application</Filter>
    </ClCompile>
    <ClCompile Include="..\..\common\file.cpp">
      <Filter>common</Filter>
    </ClCompile>
    <ClCompile Include="..\..\common\logger.cpp">
      <Filter>common</Filter>
    </ClCompile>
    <ClCompile Include="..\..\utils\path_parser.cpp">
      <Filter>utils</Filter>
    </ClCompile>
  </ItemGroup>
  <ItemGroup>
    <ClInclude Include="application\application.h">
      <Filter>application</Filter>
    </ClInclude>
    <ClInclude Include="module\twainet_module.h">
      <Filter>module</Filter>
    </ClInclude>
    <ClInclude Include="message\NotificationMessages.h">
      <Filter>message</Filter>
    </ClInclude>
    <ClInclude Include="resource.h">
      <Filter>application</Filter>
    </ClInclude>
    <ClInclude Include="..\..\version.h">
      <Filter>application</Filter>
    </ClInclude>
    <ClInclude Include="..\..\common\file.h">
      <Filter>common</Filter>
    </ClInclude>
    <ClInclude Include="..\..\common\logger.h">
      <Filter>common</Filter>
    </ClInclude>
    <ClInclude Include="..\..\utils\path_parser.h">
      <Filter>utils</Filter>
    </ClInclude>
    <ClInclude Include="..\..\include\twainet.h">
      <Filter>include</Filter>
    </ClInclude>
  </ItemGroup>
  <ItemGroup>
    <ResourceCompile Include="twainet.rc">
      <Filter>application</Filter>
    </ResourceCompile>
  </ItemGroup>
</Project>