
Microsoft Visual Studio Solution File, Format Version 10.00
# Visual Studio 2008
Project("{8BC9CEB8-8B4A-11D0-8D11-00A0C91BC942}") = "test", "test\test.vcproj", "{86FD5170-B6ED-4728-8429-2092F2D90B34}"
	ProjectSection(ProjectDependencies) = postProject
		{F613D49A-D0EE-4F3C-B860-B6A76260519E} = {F613D49A-D0EE-4F3C-B860-B6A76260519E}
	EndProjectSection
EndProject
Project("{2150E333-8FDC-42A3-9474-1A3956D46DE8}") = "external", "external", "{FFDE88D0-202C-4AE9-8A41-C65A7CAF1114}"
EndProject
Project("{8BC9CEB8-8B4A-11D0-8D11-00A0C91BC942}") = "udt", "external\udt4\win\udt.vcproj", "{D84D100A-7C21-4CCB-B16E-0FB37137C16C}"
EndProject
Project("{8BC9CEB8-8B4A-11D0-8D11-00A0C91BC942}") = "libprotobuf", "external\protobuf-2.5.0\vsprojects\libprotobuf.vcproj", "{3E283F37-A4ED-41B7-A3E6-A2D89D131A30}"
EndProject
Project("{2150E333-8FDC-42A3-9474-1A3956D46DE8}") = "lib", "lib", "{28AEDA44-5B83-4CEE-A07D-A315BA3973CE}"
EndProject
Project("{8BC9CEB8-8B4A-11D0-8D11-00A0C91BC942}") = "tunnel_lib", "lib\tunnel_lib\tunnel_lib.vcproj", "{FA5C42D5-3735-46CA-8740-F2547CAF8972}"
	ProjectSection(ProjectDependencies) = postProject
		{358366FD-07F6-49E6-83C1-94F38323F88B} = {358366FD-07F6-49E6-83C1-94F38323F88B}
	EndProjectSection
EndProject
Project("{8BC9CEB8-8B4A-11D0-8D11-00A0C91BC942}") = "thread_lib", "lib\thread_lib\thread_lib.vcproj", "{B3C8E858-F756-45AF-A957-1AA8C4FA1A9A}"
EndProject
Project("{8BC9CEB8-8B4A-11D0-8D11-00A0C91BC942}") = "ipc_lib", "lib\ipc_lib\ipc_lib.vcproj", "{0656AFC0-A5FB-407F-87AF-1D5A74BB817F}"
	ProjectSection(ProjectDependencies) = postProject
		{1F5FD41D-D68E-4830-91C7-EDA03898328D} = {1F5FD41D-D68E-4830-91C7-EDA03898328D}
		{3E283F37-A4ED-41B7-A3E6-A2D89D131A30} = {3E283F37-A4ED-41B7-A3E6-A2D89D131A30}
	EndProjectSection
EndProject
Project("{8BC9CEB8-8B4A-11D0-8D11-00A0C91BC942}") = "connector_lib", "lib\connector_lib\connector_lib.vcproj", "{1F5FD41D-D68E-4830-91C7-EDA03898328D}"
	ProjectSection(ProjectDependencies) = postProject
		{D84D100A-7C21-4CCB-B16E-0FB37137C16C} = {D84D100A-7C21-4CCB-B16E-0FB37137C16C}
		{B3C8E858-F756-45AF-A957-1AA8C4FA1A9A} = {B3C8E858-F756-45AF-A957-1AA8C4FA1A9A}
	EndProjectSection
EndProject
Project("{8BC9CEB8-8B4A-11D0-8D11-00A0C91BC942}") = "client_server_lib", "lib\client_server_lib\client_server_lib.vcproj", "{358366FD-07F6-49E6-83C1-94F38323F88B}"
	ProjectSection(ProjectDependencies) = postProject
		{0656AFC0-A5FB-407F-87AF-1D5A74BB817F} = {0656AFC0-A5FB-407F-87AF-1D5A74BB817F}
	EndProjectSection
EndProject
Project("{8BC9CEB8-8B4A-11D0-8D11-00A0C91BC942}") = "twainet", "twainet\twainet.vcproj", "{F613D49A-D0EE-4F3C-B860-B6A76260519E}"
	ProjectSection(ProjectDependencies) = postProject
		{FA5C42D5-3735-46CA-8740-F2547CAF8972} = {FA5C42D5-3735-46CA-8740-F2547CAF8972}
	EndProjectSection
EndProject
Global
	GlobalSection(SolutionConfigurationPlatforms) = preSolution
		Debug|Win32 = Debug|Win32
		Release|Win32 = Release|Win32
	EndGlobalSection
	GlobalSection(ProjectConfigurationPlatforms) = postSolution
		{86FD5170-B6ED-4728-8429-2092F2D90B34}.Debug|Win32.ActiveCfg = Debug|Win32
		{86FD5170-B6ED-4728-8429-2092F2D90B34}.Debug|Win32.Build.0 = Debug|Win32
		{86FD5170-B6ED-4728-8429-2092F2D90B34}.Release|Win32.ActiveCfg = Release|Win32
		{86FD5170-B6ED-4728-8429-2092F2D90B34}.Release|Win32.Build.0 = Release|Win32
		{D84D100A-7C21-4CCB-B16E-0FB37137C16C}.Debug|Win32.ActiveCfg = Debug|Win32
		{D84D100A-7C21-4CCB-B16E-0FB37137C16C}.Debug|Win32.Build.0 = Debug|Win32
		{D84D100A-7C21-4CCB-B16E-0FB37137C16C}.Release|Win32.ActiveCfg = Release|Win32
		{D84D100A-7C21-4CCB-B16E-0FB37137C16C}.Release|Win32.Build.0 = Release|Win32
		{3E283F37-A4ED-41B7-A3E6-A2D89D131A30}.Debug|Win32.ActiveCfg = Debug|Win32
		{3E283F37-A4ED-41B7-A3E6-A2D89D131A30}.Debug|Win32.Build.0 = Debug|Win32
		{3E283F37-A4ED-41B7-A3E6-A2D89D131A30}.Release|Win32.ActiveCfg = Release|Win32
		{3E283F37-A4ED-41B7-A3E6-A2D89D131A30}.Release|Win32.Build.0 = Release|Win32
		{FA5C42D5-3735-46CA-8740-F2547CAF8972}.Debug|Win32.ActiveCfg = Debug|Win32
		{FA5C42D5-3735-46CA-8740-F2547CAF8972}.Debug|Win32.Build.0 = Debug|Win32
		{FA5C42D5-3735-46CA-8740-F2547CAF8972}.Release|Win32.ActiveCfg = Release|Win32
		{FA5C42D5-3735-46CA-8740-F2547CAF8972}.Release|Win32.Build.0 = Release|Win32
		{B3C8E858-F756-45AF-A957-1AA8C4FA1A9A}.Debug|Win32.ActiveCfg = Debug|Win32
		{B3C8E858-F756-45AF-A957-1AA8C4FA1A9A}.Debug|Win32.Build.0 = Debug|Win32
		{B3C8E858-F756-45AF-A957-1AA8C4FA1A9A}.Release|Win32.ActiveCfg = Release|Win32
		{B3C8E858-F756-45AF-A957-1AA8C4FA1A9A}.Release|Win32.Build.0 = Release|Win32
		{0656AFC0-A5FB-407F-87AF-1D5A74BB817F}.Debug|Win32.ActiveCfg = Debug|Win32
		{0656AFC0-A5FB-407F-87AF-1D5A74BB817F}.Debug|Win32.Build.0 = Debug|Win32
		{0656AFC0-A5FB-407F-87AF-1D5A74BB817F}.Release|Win32.ActiveCfg = Release|Win32
		{0656AFC0-A5FB-407F-87AF-1D5A74BB817F}.Release|Win32.Build.0 = Release|Win32
		{1F5FD41D-D68E-4830-91C7-EDA03898328D}.Debug|Win32.ActiveCfg = Debug|Win32
		{1F5FD41D-D68E-4830-91C7-EDA03898328D}.Debug|Win32.Build.0 = Debug|Win32
		{1F5FD41D-D68E-4830-91C7-EDA03898328D}.Release|Win32.ActiveCfg = Release|Win32
		{1F5FD41D-D68E-4830-91C7-EDA03898328D}.Release|Win32.Build.0 = Release|Win32
		{358366FD-07F6-49E6-83C1-94F38323F88B}.Debug|Win32.ActiveCfg = Debug|Win32
		{358366FD-07F6-49E6-83C1-94F38323F88B}.Debug|Win32.Build.0 = Debug|Win32
		{358366FD-07F6-49E6-83C1-94F38323F88B}.Release|Win32.ActiveCfg = Release|Win32
		{358366FD-07F6-49E6-83C1-94F38323F88B}.Release|Win32.Build.0 = Release|Win32
		{F613D49A-D0EE-4F3C-B860-B6A76260519E}.Debug|Win32.ActiveCfg = Debug|Win32
		{F613D49A-D0EE-4F3C-B860-B6A76260519E}.Debug|Win32.Build.0 = Debug|Win32
		{F613D49A-D0EE-4F3C-B860-B6A76260519E}.Release|Win32.ActiveCfg = Release|Win32
		{F613D49A-D0EE-4F3C-B860-B6A76260519E}.Release|Win32.Build.0 = Release|Win32
	EndGlobalSection
	GlobalSection(SolutionProperties) = preSolution
		HideSolutionNode = FALSE
	EndGlobalSection
	GlobalSection(NestedProjects) = preSolution
		{D84D100A-7C21-4CCB-B16E-0FB37137C16C} = {FFDE88D0-202C-4AE9-8A41-C65A7CAF1114}
		{3E283F37-A4ED-41B7-A3E6-A2D89D131A30} = {FFDE88D0-202C-4AE9-8A41-C65A7CAF1114}
		{FA5C42D5-3735-46CA-8740-F2547CAF8972} = {28AEDA44-5B83-4CEE-A07D-A315BA3973CE}
		{B3C8E858-F756-45AF-A957-1AA8C4FA1A9A} = {28AEDA44-5B83-4CEE-A07D-A315BA3973CE}
		{0656AFC0-A5FB-407F-87AF-1D5A74BB817F} = {28AEDA44-5B83-4CEE-A07D-A315BA3973CE}
		{1F5FD41D-D68E-4830-91C7-EDA03898328D} = {28AEDA44-5B83-4CEE-A07D-A315BA3973CE}
		{358366FD-07F6-49E6-83C1-94F38323F88B} = {28AEDA44-5B83-4CEE-A07D-A315BA3973CE}
	EndGlobalSection
EndGlobal
